<?xml version="1.0" encoding="UTF-8" standalone="yes" ?>
<CodeBlocks_project_file>
	<FileVersion major="1" minor="6" />
	<Project>
		<Option title="NewLatsieve" />
		<Option pch_mode="2" />
		<Option compiler="null" />
		<Build>
			<Target title="Release">
				<Option output="bin/Release/NewLatsieve" prefix_auto="1" extension_auto="1" />
				<Option object_output="obj/Release/" />
				<Option type="1" />
				<Option compiler="null" />
			</Target>
		</Build>
		<Unit filename="../nr/numvect.h" />
		<Unit filename="BlockOrthogonalSimHash.h" />
		<Unit filename="BlockOrthogonalSimHash_impl.h" />
		<Unit filename="Compat.h" />
		<Unit filename="DebugAll.h" />
		<Unit filename="DefaultIncludes.h" />
		<Unit filename="DefaultTermConds.h" />
		<Unit filename="DefaultTermConds_impl.h" />
		<Unit filename="ExactLatticePoint.h" />
		<Unit filename="FilteredPoint2.h" />
		<Unit filename="GPVSampler.h" />
		<Unit filename="GPVSamplerExtended.h" />
		<Unit filename="GPVSamplerExtended_impl.h" />
		<Unit filename="GPVSampler_impl.h" />
		<Unit filename="GaussListBitapprox.h" />
		<Unit filename="GaussListBitapprox_impl.h" />
		<Unit filename="GaussQueue.h" />
		<Unit filename="GaussQueue_impl.h" />
		<Unit filename="GlobalStaticData.h" />
		<Unit filename="LatticeBases.h" />
		<Unit filename="LatticePointConcept.h" />
		<Unit filename="LatticePointGeneric.h" />
		<Unit filename="MTPRNG.h" />
		<Unit filename="PlainLatticePoint.h" />
		<Unit filename="PointWithBitapprox.h" />
		<Unit filename="Sampler.h" />
		<Unit filename="Sampler_impl.h" />
		<Unit filename="SieveGauss.h" />
		<Unit filename="SieveGauss_main.h" />
		<Unit filename="SieveJoint.h" />
		<Unit filename="SieveJoint_impl.h" />
		<Unit filename="SieveST.cpp" />
		<Unit filename="SieveST2.cpp" />
		<Unit filename="SieveST3.cpp" />
		<Unit filename="SieveUtility.h" />
		<Unit filename="SimHash.h" />
		<Unit filename="Statistics.h" />
		<Unit filename="TermCondNew.h" />
		<Unit filename="Tests/TestApproximations.h" />
		<Unit filename="Tests/TestBasisUtils.h" />
		<Unit filename="Tests/TestBitApprox.h" />
		<Unit filename="Tests/TestEMV.h" />
		<Unit filename="Tests/TestExactLatticePoint.h" />
		<Unit filename="Tests/TestLazy.h" />
		<Unit filename="Tests/TestList.h" />
		<Unit filename="Tests/TestMTPRNG.h" />
		<Unit filename="Tests/TestMaybeFixedInt.h" />
		<Unit filename="Tests/TestPlainLatticePoint.h" />
		<Unit filename="Tests/TestQueue.h" />
		<Unit filename="Tests/TestShiSampler.h" />
		<Unit filename="Tests/TestTraitClasses.h" />
		<Unit filename="Typedefs.h" />
		<Unit filename="classtests.cpp" />
		<Unit filename="sieve_main.cpp" />
		<Unit filename="test_newsieve.cpp" />
		<Unit filename="threshold_check.cpp" />
		<Extensions>
			<code_completion />
			<debugger />
		</Extensions>
	</Project>
</CodeBlocks_project_file>
